// !$*UTF8*$!
{
	archiveVersion = 1;
	classes = {
	};
	objectVersion = 56;
	objects = {

/* Begin PBXBuildFile section */
		D8C100D82C52CD8600515364 /* AirBnbApp.swift in Sources */ = {isa = PBXBuildFile; fileRef = D8C100D72C52CD8600515364 /* AirBnbApp.swift */; };
		D8C100DA2C52CD8600515364 /* ContentView.swift in Sources */ = {isa = PBXBuildFile; fileRef = D8C100D92C52CD8600515364 /* ContentView.swift */; };
		D8C100DC2C52CD8800515364 /* Assets.xcassets in Resources */ = {isa = PBXBuildFile; fileRef = D8C100DB2C52CD8800515364 /* Assets.xcassets */; };
		D8C100DF2C52CD8800515364 /* Preview Assets.xcassets in Resources */ = {isa = PBXBuildFile; fileRef = D8C100DE2C52CD8800515364 /* Preview Assets.xcassets */; };
		D8C100F22C53790D00515364 /* ExploreView.swift in Sources */ = {isa = PBXBuildFile; fileRef = D8C100F12C53790D00515364 /* ExploreView.swift */; };
		D8C100F42C537A1C00515364 /* ListingItemView.swift in Sources */ = {isa = PBXBuildFile; fileRef = D8C100F32C537A1C00515364 /* ListingItemView.swift */; };
		D8C100F62C53823100515364 /* SearchBarView.swift in Sources */ = {isa = PBXBuildFile; fileRef = D8C100F52C53823100515364 /* SearchBarView.swift */; };
		D8C101192C54267400515364 /* ListingDetailView.swift in Sources */ = {isa = PBXBuildFile; fileRef = D8C101182C54267400515364 /* ListingDetailView.swift */; };
/* End PBXBuildFile section */

/* Begin PBXFileReference section */
		D8C100D42C52CD8600515364 /* AirBnb.app */ = {isa = PBXFileReference; explicitFileType = wrapper.application; includeInIndex = 0; path = AirBnb.app; sourceTree = BUILT_PRODUCTS_DIR; };
		D8C100D72C52CD8600515364 /* AirBnbApp.swift */ = {isa = PBXFileReference; lastKnownFileType = sourcecode.swift; path = AirBnbApp.swift; sourceTree = "<group>"; };
		D8C100D92C52CD8600515364 /* ContentView.swift */ = {isa = PBXFileReference; lastKnownFileType = sourcecode.swift; path = ContentView.swift; sourceTree = "<group>"; };
		D8C100DB2C52CD8800515364 /* Assets.xcassets */ = {isa = PBXFileReference; lastKnownFileType = folder.assetcatalog; path = Assets.xcassets; sourceTree = "<group>"; };
		D8C100DE2C52CD8800515364 /* Preview Assets.xcassets */ = {isa = PBXFileReference; lastKnownFileType = folder.assetcatalog; path = "Preview Assets.xcassets"; sourceTree = "<group>"; };
		D8C100F12C53790D00515364 /* ExploreView.swift */ = {isa = PBXFileReference; lastKnownFileType = sourcecode.swift; path = ExploreView.swift; sourceTree = "<group>"; };
		D8C100F32C537A1C00515364 /* ListingItemView.swift */ = {isa = PBXFileReference; lastKnownFileType = sourcecode.swift; path = ListingItemView.swift; sourceTree = "<group>"; };
		D8C100F52C53823100515364 /* SearchBarView.swift */ = {isa = PBXFileReference; lastKnownFileType = sourcecode.swift; path = SearchBarView.swift; sourceTree = "<group>"; };
		D8C101182C54267400515364 /* ListingDetailView.swift */ = {isa = PBXFileReference; lastKnownFileType = sourcecode.swift; path = ListingDetailView.swift; sourceTree = "<group>"; };
/* End PBXFileReference section */

/* Begin PBXFrameworksBuildPhase section */
		D8C100D12C52CD8600515364 /* Frameworks */ = {
			isa = PBXFrameworksBuildPhase;
			buildActionMask = 2147483647;
			files = (
			);
			runOnlyForDeploymentPostprocessing = 0;
		};
/* End PBXFrameworksBuildPhase section */

/* Begin PBXGroup section */
		D8C100CB2C52CD8600515364 = {
			isa = PBXGroup;
			children = (
				D8C100D62C52CD8600515364 /* AirBnb */,
				D8C100D52C52CD8600515364 /* Products */,
			);
			sourceTree = "<group>";
		};
		D8C100D52C52CD8600515364 /* Products */ = {
			isa = PBXGroup;
			children = (
				D8C100D42C52CD8600515364 /* AirBnb.app */,
			);
			name = Products;
			sourceTree = "<group>";
		};
		D8C100D62C52CD8600515364 /* AirBnb */ = {
			isa = PBXGroup;
			children = (
				D8C100E82C52CDCE00515364 /* App */,
				D8C100E72C52CDCD00515364 /* Core */,
				D8C100E62C52CDCB00515364 /* Extension */,
				D8C100E52C52CDC600515364 /* Model */,
				D8C100E92C52CE0B00515364 /* Utils */,
				D8C100D92C52CD8600515364 /* ContentView.swift */,
				D8C100DB2C52CD8800515364 /* Assets.xcassets */,
				D8C100DD2C52CD8800515364 /* Preview Content */,
			);
			path = AirBnb;
			sourceTree = "<group>";
		};
		D8C100DD2C52CD8800515364 /* Preview Content */ = {
			isa = PBXGroup;
			children = (
				D8C100DE2C52CD8800515364 /* Preview Assets.xcassets */,
			);
			path = "Preview Content";
			sourceTree = "<group>";
		};
		D8C100E52C52CDC600515364 /* Model */ = {
			isa = PBXGroup;
			children = (
			);
			path = Model;
			sourceTree = "<group>";
		};
		D8C100E62C52CDCB00515364 /* Extension */ = {
			isa = PBXGroup;
			children = (
			);
			path = Extension;
			sourceTree = "<group>";
		};
		D8C100E72C52CDCD00515364 /* Core */ = {
			isa = PBXGroup;
			children = (
				D8C100EA2C52CE5700515364 /* Explore */,
				D8C100EB2C52CE5D00515364 /* Listing */,
				D8C100EC2C52CE6D00515364 /* MapView */,
				D8C100ED2C52CE8500515364 /* Profile */,
				D8C100EE2C52CE9C00515364 /* Root */,
				D8C100EF2C52CEA600515364 /* Tabbar */,
				D8C100F02C52CEAC00515364 /* WishList */,
			);
			path = Core;
			sourceTree = "<group>";
		};
		D8C100E82C52CDCE00515364 /* App */ = {
			isa = PBXGroup;
			children = (
				D8C100D72C52CD8600515364 /* AirBnbApp.swift */,
			);
			path = App;
			sourceTree = "<group>";
		};
		D8C100E92C52CE0B00515364 /* Utils */ = {
			isa = PBXGroup;
			children = (
			);
			path = Utils;
			sourceTree = "<group>";
		};
		D8C100EA2C52CE5700515364 /* Explore */ = {
			isa = PBXGroup;
			children = (
				D8C100F12C53790D00515364 /* ExploreView.swift */,
				D8C100F52C53823100515364 /* SearchBarView.swift */,
			);
			path = Explore;
			sourceTree = "<group>";
		};
		D8C100EB2C52CE5D00515364 /* Listing */ = {
			isa = PBXGroup;
			children = (
				D8C100F32C537A1C00515364 /* ListingItemView.swift */,
				D8C101182C54267400515364 /* ListingDetailView.swift */,
			);
			path = Listing;
			sourceTree = "<group>";
		};
		D8C100EC2C52CE6D00515364 /* MapView */ = {
			isa = PBXGroup;
			children = (
			);
			path = MapView;
			sourceTree = "<group>";
		};
		D8C100ED2C52CE8500515364 /* Profile */ = {
			isa = PBXGroup;
			children = (
			);
			path = Profile;
			sourceTree = "<group>";
		};
		D8C100EE2C52CE9C00515364 /* Root */ = {
			isa = PBXGroup;
			children = (
			);
			path = Root;
			sourceTree = "<group>";
		};
		D8C100EF2C52CEA600515364 /* Tabbar */ = {
			isa = PBXGroup;
			children = (
			);
			path = Tabbar;
			sourceTree = "<group>";
		};
		D8C100F02C52CEAC00515364 /* WishList */ = {
			isa = PBXGroup;
			children = (
			);
			path = WishList;
			sourceTree = "<group>";
		};
/* End PBXGroup section */

/* Begin PBXNativeTarget section */
		D8C100D32C52CD8600515364 /* AirBnb */ = {
			isa = PBXNativeTarget;
			buildConfigurationList = D8C100E22C52CD8800515364 /* Build configuration list for PBXNativeTarget "AirBnb" */;
			buildPhases = (
				D8C100D02C52CD8600515364 /* Sources */,
				D8C100D12C52CD8600515364 /* Frameworks */,
				D8C100D22C52CD8600515364 /* Resources */,
			);
			buildRules = (
			);
			dependencies = (
			);
			name = AirBnb;
			productName = AirBnb;
			productReference = D8C100D42C52CD8600515364 /* AirBnb.app */;
			productType = "com.apple.product-type.application";
		};
/* End PBXNativeTarget section */

/* Begin PBXProject section */
		D8C100CC2C52CD8600515364 /* Project object */ = {
			isa = PBXProject;
			attributes = {
				BuildIndependentTargetsInParallel = 1;
				LastSwiftUpdateCheck = 1540;
				LastUpgradeCheck = 1540;
				TargetAttributes = {
					D8C100D32C52CD8600515364 = {
						CreatedOnToolsVersion = 15.4;
					};
				};
			};
			buildConfigurationList = D8C100CF2C52CD8600515364 /* Build configuration list for PBXProject "AirBnb" */;
			compatibilityVersion = "Xcode 14.0";
			developmentRegion = en;
			hasScannedForEncodings = 0;
			knownRegions = (
				en,
				Base,
			);
			mainGroup = D8C100CB2C52CD8600515364;
			productRefGroup = D8C100D52C52CD8600515364 /* Products */;
			projectDirPath = "";
			projectRoot = "";
			targets = (
				D8C100D32C52CD8600515364 /* AirBnb */,
			);
		};
/* End PBXProject section */

/* Begin PBXResourcesBuildPhase section */
		D8C100D22C52CD8600515364 /* Resources */ = {
			isa = PBXResourcesBuildPhase;
			buildActionMask = 2147483647;
			files = (
				D8C100DF2C52CD8800515364 /* Preview Assets.xcassets in Resources */,
				D8C100DC2C52CD8800515364 /* Assets.xcassets in Resources */,
			);
			runOnlyForDeploymentPostprocessing = 0;
		};
/* End PBXResourcesBuildPhase section */

/* Begin PBXSourcesBuildPhase section */
		D8C100D02C52CD8600515364 /* Sources */ = {
			isa = PBXSourcesBuildPhase;
			buildActionMask = 2147483647;
			files = (
				D8C100F62C53823100515364 /* SearchBarView.swift in Sources */,
				D8C100F42C537A1C00515364 /* ListingItemView.swift in Sources */,
				D8C100DA2C52CD8600515364 /* ContentView.swift in Sources */,
				D8C100F22C53790D00515364 /* ExploreView.swift in Sources */,
				D8C101192C54267400515364 /* ListingDetailView.swift in Sources */,
				D8C100D82C52CD8600515364 /* AirBnbApp.swift in Sources */,
			);
			runOnlyForDeploymentPostprocessing = 0;
		};
/* End PBXSourcesBuildPhase section */

/* Begin XCBuildConfiguration section */
		D8C100E02C52CD8800515364 /* Debug */ = {
			isa = XCBuildConfiguration;
			buildSettings = {
				ALWAYS_SEARCH_USER_PATHS = NO;
				ASSETCATALOG_COMPILER_GENERATE_SWIFT_ASSET_SYMBOL_EXTENSIONS = YES;
				CLANG_ANALYZER_NONNULL = YES;
				CLANG_ANALYZER_NUMBER_OBJECT_CONVERSION = YES_AGGRESSIVE;
				CLANG_CXX_LANGUAGE_STANDARD = "gnu++20";
				CLANG_ENABLE_MODULES = YES;
				CLANG_ENABLE_OBJC_ARC = YES;
				CLANG_ENABLE_OBJC_WEAK = YES;
				CLANG_WARN_BLOCK_CAPTURE_AUTORELEASING = YES;
				CLANG_WARN_BOOL_CONVERSION = YES;
				CLANG_WARN_COMMA = YES;
				CLANG_WARN_CONSTANT_CONVERSION = YES;
				CLANG_WARN_DEPRECATED_OBJC_IMPLEMENTATIONS = YES;
				CLANG_WARN_DIRECT_OBJC_ISA_USAGE = YES_ERROR;
				CLANG_WARN_DOCUMENTATION_COMMENTS = YES;
				CLANG_WARN_EMPTY_BODY = YES;
				CLANG_WARN_ENUM_CONVERSION = YES;
				CLANG_WARN_INFINITE_RECURSION = YES;
				CLANG_WARN_INT_CONVERSION = YES;
				CLANG_WARN_NON_LITERAL_NULL_CONVERSION = YES;
				CLANG_WARN_OBJC_IMPLICIT_RETAIN_SELF = YES;
				CLANG_WARN_OBJC_LITERAL_CONVERSION = YES;
				CLANG_WARN_OBJC_ROOT_CLASS = YES_ERROR;
				CLANG_WARN_QUOTED_INCLUDE_IN_FRAMEWORK_HEADER = YES;
				CLANG_WARN_RANGE_LOOP_ANALYSIS = YES;
				CLANG_WARN_STRICT_PROTOTYPES = YES;
				CLANG_WARN_SUSPICIOUS_MOVE = YES;
				CLANG_WARN_UNGUARDED_AVAILABILITY = YES_AGGRESSIVE;
				CLANG_WARN_UNREACHABLE_CODE = YES;
				CLANG_WARN__DUPLICATE_METHOD_MATCH = YES;
				COPY_PHASE_STRIP = NO;
				DEBUG_INFORMATION_FORMAT = dwarf;
				ENABLE_STRICT_OBJC_MSGSEND = YES;
				ENABLE_TESTABILITY = YES;
				ENABLE_USER_SCRIPT_SANDBOXING = YES;
				GCC_C_LANGUAGE_STANDARD = gnu17;
				GCC_DYNAMIC_NO_PIC = NO;
				GCC_NO_COMMON_BLOCKS = YES;
				GCC_OPTIMIZATION_LEVEL = 0;
				GCC_PREPROCESSOR_DEFINITIONS = (
					"DEBUG=1",
					"$(inherited)",
				);
				GCC_WARN_64_TO_32_BIT_CONVERSION = YES;
				GCC_WARN_ABOUT_RETURN_TYPE = YES_ERROR;
				GCC_WARN_UNDECLARED_SELECTOR = YES;
				GCC_WARN_UNINITIALIZED_AUTOS = YES_AGGRESSIVE;
				GCC_WARN_UNUSED_FUNCTION = YES;
				GCC_WARN_UNUSED_VARIABLE = YES;
				IPHONEOS_DEPLOYMENT_TARGET = 17.5;
				LOCALIZATION_PREFERS_STRING_CATALOGS = YES;
				MTL_ENABLE_DEBUG_INFO = INCLUDE_SOURCE;
				MTL_FAST_MATH = YES;
				ONLY_ACTIVE_ARCH = YES;
				SDKROOT = iphoneos;
				SWIFT_ACTIVE_COMPILATION_CONDITIONS = "DEBUG $(inherited)";
				SWIFT_OPTIMIZATION_LEVEL = "-Onone";
			};
			name = Debug;
		};
		D8C100E12C52CD8800515364 /* Release */ = {
			isa = XCBuildConfiguration;
			buildSettings = {
				ALWAYS_SEARCH_USER_PATHS = NO;
				ASSETCATALOG_COMPILER_GENERATE_SWIFT_ASSET_SYMBOL_EXTENSIONS = YES;
				CLANG_ANALYZER_NONNULL = YES;
				CLANG_ANALYZER_NUMBER_OBJECT_CONVERSION = YES_AGGRESSIVE;
				CLANG_CXX_LANGUAGE_STANDARD = "gnu++20";
				CLANG_ENABLE_MODULES = YES;
				CLANG_ENABLE_OBJC_ARC = YES;
				CLANG_ENABLE_OBJC_WEAK = YES;
				CLANG_WARN_BLOCK_CAPTURE_AUTORELEASING = YES;
				CLANG_WARN_BOOL_CONVERSION = YES;
				CLANG_WARN_COMMA = YES;
				CLANG_WARN_CONSTANT_CONVERSION = YES;
				CLANG_WARN_DEPRECATED_OBJC_IMPLEMENTATIONS = YES;
				CLANG_WARN_DIRECT_OBJC_ISA_USAGE = YES_ERROR;
				CLANG_WARN_DOCUMENTATION_COMMENTS = YES;
				CLANG_WARN_EMPTY_BODY = YES;
				CLANG_WARN_ENUM_CONVERSION = YES;
				CLANG_WARN_INFINITE_RECURSION = YES;
				CLANG_WARN_INT_CONVERSION = YES;
				CLANG_WARN_NON_LITERAL_NULL_CONVERSION = YES;
				CLANG_WARN_OBJC_IMPLICIT_RETAIN_SELF = YES;
				CLANG_WARN_OBJC_LITERAL_CONVERSION = YES;
				CLANG_WARN_OBJC_ROOT_CLASS = YES_ERROR;
				CLANG_WARN_QUOTED_INCLUDE_IN_FRAMEWORK_HEADER = YES;
				CLANG_WARN_RANGE_LOOP_ANALYSIS = YES;
				CLANG_WARN_STRICT_PROTOTYPES = YES;
				CLANG_WARN_SUSPICIOUS_MOVE = YES;
				CLANG_WARN_UNGUARDED_AVAILABILITY = YES_AGGRESSIVE;
				CLANG_WARN_UNREACHABLE_CODE = YES;
				CLANG_WARN__DUPLICATE_METHOD_MATCH = YES;
				COPY_PHASE_STRIP = NO;
				DEBUG_INFORMATION_FORMAT = "dwarf-with-dsym";
				ENABLE_NS_ASSERTIONS = NO;
				ENABLE_STRICT_OBJC_MSGSEND = YES;
				ENABLE_USER_SCRIPT_SANDBOXING = YES;
				GCC_C_LANGUAGE_STANDARD = gnu17;
				GCC_NO_COMMON_BLOCKS = YES;
				GCC_WARN_64_TO_32_BIT_CONVERSION = YES;
				GCC_WARN_ABOUT_RETURN_TYPE = YES_ERROR;
				GCC_WARN_UNDECLARED_SELECTOR = YES;
				GCC_WARN_UNINITIALIZED_AUTOS = YES_AGGRESSIVE;
				GCC_WARN_UNUSED_FUNCTION = YES;
				GCC_WARN_UNUSED_VARIABLE = YES;
				IPHONEOS_DEPLOYMENT_TARGET = 17.5;
				LOCALIZATION_PREFERS_STRING_CATALOGS = YES;
				MTL_ENABLE_DEBUG_INFO = NO;
				MTL_FAST_MATH = YES;
				SDKROOT = iphoneos;
				SWIFT_COMPILATION_MODE = wholemodule;
				VALIDATE_PRODUCT = YES;
			};
			name = Release;
		};
		D8C100E32C52CD8800515364 /* Debug */ = {
			isa = XCBuildConfiguration;
			buildSettings = {
				ASSETCATALOG_COMPILER_APPICON_NAME = AppIcon;
				ASSETCATALOG_COMPILER_GLOBAL_ACCENT_COLOR_NAME = AccentColor;
				CODE_SIGN_STYLE = Automatic;
				CURRENT_PROJECT_VERSION = 1;
				DEVELOPMENT_ASSET_PATHS = "\"AirBnb/Preview Content\"";
				DEVELOPMENT_TEAM = 443L3444LJ;
				ENABLE_PREVIEWS = YES;
				GENERATE_INFOPLIST_FILE = YES;
				INFOPLIST_KEY_UIApplicationSceneManifest_Generation = YES;
				INFOPLIST_KEY_UIApplicationSupportsIndirectInputEvents = YES;
				INFOPLIST_KEY_UILaunchScreen_Generation = YES;
				INFOPLIST_KEY_UISupportedInterfaceOrientations_iPad = "UIInterfaceOrientationPortrait UIInterfaceOrientationPortraitUpsideDown UIInterfaceOrientationLandscapeLeft UIInterfaceOrientationLandscapeRight";
				INFOPLIST_KEY_UISupportedInterfaceOrientations_iPhone = "UIInterfaceOrientationPortrait UIInterfaceOrientationLandscapeLeft UIInterfaceOrientationLandscapeRight";
				LD_RUNPATH_SEARCH_PATHS = (
					"$(inherited)",
					"@executable_path/Frameworks",
				);
				MARKETING_VERSION = 1.0;
				PRODUCT_BUNDLE_IDENTIFIER = Jai.AirBnb;
				PRODUCT_NAME = "$(TARGET_NAME)";
				SWIFT_EMIT_LOC_STRINGS = YES;
				SWIFT_VERSION = 5.0;
				TARGETED_DEVICE_FAMILY = "1,2";
			};
			name = Debug;
		};
		D8C100E42C52CD8800515364 /* Release */ = {
			isa = XCBuildConfiguration;
			buildSettings = {
				ASSETCATALOG_COMPILER_APPICON_NAME = AppIcon;
				ASSETCATALOG_COMPILER_GLOBAL_ACCENT_COLOR_NAME = AccentColor;
				CODE_SIGN_STYLE = Automatic;
				CURRENT_PROJECT_VERSION = 1;
				DEVELOPMENT_ASSET_PATHS = "\"AirBnb/Preview Content\"";
				DEVELOPMENT_TEAM = 443L3444LJ;
				ENABLE_PREVIEWS = YES;
				GENERATE_INFOPLIST_FILE = YES;
				INFOPLIST_KEY_UIApplicationSceneManifest_Generation = YES;
				INFOPLIST_KEY_UIApplicationSupportsIndirectInputEvents = YES;
				INFOPLIST_KEY_UILaunchScreen_Generation = YES;
				INFOPLIST_KEY_UISupportedInterfaceOrientations_iPad = "UIInterfaceOrientationPortrait UIInterfaceOrientationPortraitUpsideDown UIInterfaceOrientationLandscapeLeft UIInterfaceOrientationLandscapeRight";
				INFOPLIST_KEY_UISupportedInterfaceOrientations_iPhone = "UIInterfaceOrientationPortrait UIInterfaceOrientationLandscapeLeft UIInterfaceOrientationLandscapeRight";
				LD_RUNPATH_SEARCH_PATHS = (
					"$(inherited)",
					"@executable_path/Frameworks",
				);
				MARKETING_VERSION = 1.0;
				PRODUCT_BUNDLE_IDENTIFIER = Jai.AirBnb;
				PRODUCT_NAME = "$(TARGET_NAME)";
				SWIFT_EMIT_LOC_STRINGS = YES;
				SWIFT_VERSION = 5.0;
				TARGETED_DEVICE_FAMILY = "1,2";
			};
			name = Release;
		};
/* End XCBuildConfiguration section */

/* Begin XCConfigurationList section */
		D8C100CF2C52CD8600515364 /* Build configuration list for PBXProject "AirBnb" */ = {
			isa = XCConfigurationList;
			buildConfigurations = (
				D8C100E02C52CD8800515364 /* Debug */,
				D8C100E12C52CD8800515364 /* Release */,
			);
			defaultConfigurationIsVisible = 0;
			defaultConfigurationName = Release;
		};
		D8C100E22C52CD8800515364 /* Build configuration list for PBXNativeTarget "AirBnb" */ = {
			isa = XCConfigurationList;
			buildConfigurations = (
				D8C100E32C52CD8800515364 /* Debug */,
				D8C100E42C52CD8800515364 /* Release */,
			);
			defaultConfigurationIsVisible = 0;
			defaultConfigurationName = Release;
		};
/* End XCConfigurationList section */
	};
	rootObject = D8C100CC2C52CD8600515364 /* Project object */;
}
